// !$*UTF8*$!
{
	archiveVersion = 1;
	classes = {
	};
	objectVersion = 46;
	objects = {

/* Begin PBXBuildFile section */
		33FABFBD1BAD3A2300054008 /* AppDelegate.swift in Sources */ = {isa = PBXBuildFile; fileRef = 33FABFBC1BAD3A2300054008 /* AppDelegate.swift */; };
		33FABFBF1BAD3A2300054008 /* ViewController.swift in Sources */ = {isa = PBXBuildFile; fileRef = 33FABFBE1BAD3A2300054008 /* ViewController.swift */; };
		33FABFC21BAD3A2300054008 /* Main.storyboard in Resources */ = {isa = PBXBuildFile; fileRef = 33FABFC01BAD3A2300054008 /* Main.storyboard */; };
		33FABFC41BAD3A2300054008 /* Assets.xcassets in Resources */ = {isa = PBXBuildFile; fileRef = 33FABFC31BAD3A2300054008 /* Assets.xcassets */; };
		33FABFC71BAD3A2300054008 /* LaunchScreen.storyboard in Resources */ = {isa = PBXBuildFile; fileRef = 33FABFC51BAD3A2300054008 /* LaunchScreen.storyboard */; };
		33FABFD21BAD3A2400054008 /* Russian_RouletteTests.swift in Sources */ = {isa = PBXBuildFile; fileRef = 33FABFD11BAD3A2400054008 /* Russian_RouletteTests.swift */; };
		33FABFDD1BAD3A2400054008 /* Russian_RouletteUITests.swift in Sources */ = {isa = PBXBuildFile; fileRef = 33FABFDC1BAD3A2400054008 /* Russian_RouletteUITests.swift */; };
/* End PBXBuildFile section */

/* Begin PBXContainerItemProxy section */
		33FABFCE1BAD3A2400054008 /* PBXContainerItemProxy */ = {
			isa = PBXContainerItemProxy;
			containerPortal = 33FABFB11BAD3A2300054008 /* Project object */;
			proxyType = 1;
			remoteGlobalIDString = 33FABFB81BAD3A2300054008;
			remoteInfo = "Russian Roulette";
		};
		33FABFD91BAD3A2400054008 /* PBXContainerItemProxy */ = {
			isa = PBXContainerItemProxy;
			containerPortal = 33FABFB11BAD3A2300054008 /* Project object */;
			proxyType = 1;
			remoteGlobalIDString = 33FABFB81BAD3A2300054008;
			remoteInfo = "Russian Roulette";
		};
/* End PBXContainerItemProxy section */

/* Begin PBXFileReference section */
		33FABFB91BAD3A2300054008 /* Russian Roulette.app */ = {isa = PBXFileReference; explicitFileType = wrapper.application; includeInIndex = 0; path = "Russian Roulette.app"; sourceTree = BUILT_PRODUCTS_DIR; };
		33FABFBC1BAD3A2300054008 /* AppDelegate.swift */ = {isa = PBXFileReference; lastKnownFileType = sourcecode.swift; path = AppDelegate.swift; sourceTree = "<group>"; };
		33FABFBE1BAD3A2300054008 /* ViewController.swift */ = {isa = PBXFileReference; lastKnownFileType = sourcecode.swift; path = ViewController.swift; sourceTree = "<group>"; };
		33FABFC11BAD3A2300054008 /* Base */ = {isa = PBXFileReference; lastKnownFileType = file.storyboard; name = Base; path = Base.lproj/Main.storyboard; sourceTree = "<group>"; };
		33FABFC31BAD3A2300054008 /* Assets.xcassets */ = {isa = PBXFileReference; lastKnownFileType = folder.assetcatalog; path = Assets.xcassets; sourceTree = "<group>"; };
		33FABFC61BAD3A2300054008 /* Base */ = {isa = PBXFileReference; lastKnownFileType = file.storyboard; name = Base; path = Base.lproj/LaunchScreen.storyboard; sourceTree = "<group>"; };
		33FABFC81BAD3A2300054008 /* Info.plist */ = {isa = PBXFileReference; lastKnownFileType = text.plist.xml; path = Info.plist; sourceTree = "<group>"; };
		33FABFCD1BAD3A2400054008 /* Russian RouletteTests.xctest */ = {isa = PBXFileReference; explicitFileType = wrapper.cfbundle; includeInIndex = 0; path = "Russian RouletteTests.xctest"; sourceTree = BUILT_PRODUCTS_DIR; };
		33FABFD11BAD3A2400054008 /* Russian_RouletteTests.swift */ = {isa = PBXFileReference; lastKnownFileType = sourcecode.swift; path = Russian_RouletteTests.swift; sourceTree = "<group>"; };
		33FABFD31BAD3A2400054008 /* Info.plist */ = {isa = PBXFileReference; lastKnownFileType = text.plist.xml; path = Info.plist; sourceTree = "<group>"; };
		33FABFD81BAD3A2400054008 /* Russian RouletteUITests.xctest */ = {isa = PBXFileReference; explicitFileType = wrapper.cfbundle; includeInIndex = 0; path = "Russian RouletteUITests.xctest"; sourceTree = BUILT_PRODUCTS_DIR; };
		33FABFDC1BAD3A2400054008 /* Russian_RouletteUITests.swift */ = {isa = PBXFileReference; lastKnownFileType = sourcecode.swift; path = Russian_RouletteUITests.swift; sourceTree = "<group>"; };
		33FABFDE1BAD3A2400054008 /* Info.plist */ = {isa = PBXFileReference; lastKnownFileType = text.plist.xml; path = Info.plist; sourceTree = "<group>"; };
/* End PBXFileReference section */

/* Begin PBXFrameworksBuildPhase section */
		33FABFB61BAD3A2300054008 /* Frameworks */ = {
			isa = PBXFrameworksBuildPhase;
			buildActionMask = 2147483647;
			files = (
			);
			runOnlyForDeploymentPostprocessing = 0;
		};
		33FABFCA1BAD3A2400054008 /* Frameworks */ = {
			isa = PBXFrameworksBuildPhase;
			buildActionMask = 2147483647;
			files = (
			);
			runOnlyForDeploymentPostprocessing = 0;
		};
		33FABFD51BAD3A2400054008 /* Frameworks */ = {
			isa = PBXFrameworksBuildPhase;
			buildActionMask = 2147483647;
			files = (
			);
			runOnlyForDeploymentPostprocessing = 0;
		};
/* End PBXFrameworksBuildPhase section */

/* Begin PBXGroup section */
		33FABFB01BAD3A2300054008 = {
			isa = PBXGroup;
			children = (
				33FABFBB1BAD3A2300054008 /* Russian Roulette */,
				33FABFD01BAD3A2400054008 /* Russian RouletteTests */,
				33FABFDB1BAD3A2400054008 /* Russian RouletteUITests */,
				33FABFBA1BAD3A2300054008 /* Products */,
			);
			sourceTree = "<group>";
		};
		33FABFBA1BAD3A2300054008 /* Products */ = {
			isa = PBXGroup;
			children = (
				33FABFB91BAD3A2300054008 /* Russian Roulette.app */,
				33FABFCD1BAD3A2400054008 /* Russian RouletteTests.xctest */,
				33FABFD81BAD3A2400054008 /* Russian RouletteUITests.xctest */,
			);
			name = Products;
			sourceTree = "<group>";
		};
		33FABFBB1BAD3A2300054008 /* Russian Roulette */ = {
			isa = PBXGroup;
			children = (
				33FABFBC1BAD3A2300054008 /* AppDelegate.swift */,
				33FABFBE1BAD3A2300054008 /* ViewController.swift */,
				33FABFC01BAD3A2300054008 /* Main.storyboard */,
				33FABFC31BAD3A2300054008 /* Assets.xcassets */,
				33FABFC51BAD3A2300054008 /* LaunchScreen.storyboard */,
				33FABFC81BAD3A2300054008 /* Info.plist */,
			);
			path = "Russian Roulette";
			sourceTree = "<group>";
		};
		33FABFD01BAD3A2400054008 /* Russian RouletteTests */ = {
			isa = PBXGroup;
			children = (
				33FABFD11BAD3A2400054008 /* Russian_RouletteTests.swift */,
				33FABFD31BAD3A2400054008 /* Info.plist */,
			);
			path = "Russian RouletteTests";
			sourceTree = "<group>";
		};
		33FABFDB1BAD3A2400054008 /* Russian RouletteUITests */ = {
			isa = PBXGroup;
			children = (
				33FABFDC1BAD3A2400054008 /* Russian_RouletteUITests.swift */,
				33FABFDE1BAD3A2400054008 /* Info.plist */,
			);
			path = "Russian RouletteUITests";
			sourceTree = "<group>";
		};
/* End PBXGroup section */

/* Begin PBXNativeTarget section */
		33FABFB81BAD3A2300054008 /* Russian Roulette */ = {
			isa = PBXNativeTarget;
			buildConfigurationList = 33FABFE11BAD3A2400054008 /* Build configuration list for PBXNativeTarget "Russian Roulette" */;
			buildPhases = (
				33FABFB51BAD3A2300054008 /* Sources */,
				33FABFB61BAD3A2300054008 /* Frameworks */,
				33FABFB71BAD3A2300054008 /* Resources */,
			);
			buildRules = (
			);
			dependencies = (
			);
			name = "Russian Roulette";
			productName = "Russian Roulette";
			productReference = 33FABFB91BAD3A2300054008 /* Russian Roulette.app */;
			productType = "com.apple.product-type.application";
		};
		33FABFCC1BAD3A2400054008 /* Russian RouletteTests */ = {
			isa = PBXNativeTarget;
			buildConfigurationList = 33FABFE41BAD3A2400054008 /* Build configuration list for PBXNativeTarget "Russian RouletteTests" */;
			buildPhases = (
				33FABFC91BAD3A2400054008 /* Sources */,
				33FABFCA1BAD3A2400054008 /* Frameworks */,
				33FABFCB1BAD3A2400054008 /* Resources */,
			);
			buildRules = (
			);
			dependencies = (
				33FABFCF1BAD3A2400054008 /* PBXTargetDependency */,
			);
			name = "Russian RouletteTests";
			productName = "Russian RouletteTests";
			productReference = 33FABFCD1BAD3A2400054008 /* Russian RouletteTests.xctest */;
			productType = "com.apple.product-type.bundle.unit-test";
		};
		33FABFD71BAD3A2400054008 /* Russian RouletteUITests */ = {
			isa = PBXNativeTarget;
			buildConfigurationList = 33FABFE71BAD3A2400054008 /* Build configuration list for PBXNativeTarget "Russian RouletteUITests" */;
			buildPhases = (
				33FABFD41BAD3A2400054008 /* Sources */,
				33FABFD51BAD3A2400054008 /* Frameworks */,
				33FABFD61BAD3A2400054008 /* Resources */,
			);
			buildRules = (
			);
			dependencies = (
				33FABFDA1BAD3A2400054008 /* PBXTargetDependency */,
			);
			name = "Russian RouletteUITests";
			productName = "Russian RouletteUITests";
			productReference = 33FABFD81BAD3A2400054008 /* Russian RouletteUITests.xctest */;
			productType = "com.apple.product-type.bundle.ui-testing";
		};
/* End PBXNativeTarget section */

/* Begin PBXProject section */
		33FABFB11BAD3A2300054008 /* Project object */ = {
			isa = PBXProject;
			attributes = {
				LastUpgradeCheck = 0700;
				ORGANIZATIONNAME = sarcrates;
				TargetAttributes = {
					33FABFB81BAD3A2300054008 = {
						CreatedOnToolsVersion = 7.0;
					};
					33FABFCC1BAD3A2400054008 = {
						CreatedOnToolsVersion = 7.0;
						TestTargetID = 33FABFB81BAD3A2300054008;
					};
					33FABFD71BAD3A2400054008 = {
						CreatedOnToolsVersion = 7.0;
						TestTargetID = 33FABFB81BAD3A2300054008;
					};
				};
			};
			buildConfigurationList = 33FABFB41BAD3A2300054008 /* Build configuration list for PBXProject "Russian Roulette" */;
			compatibilityVersion = "Xcode 3.2";
			developmentRegion = English;
			hasScannedForEncodings = 0;
			knownRegions = (
				en,
				Base,
			);
			mainGroup = 33FABFB01BAD3A2300054008;
			productRefGroup = 33FABFBA1BAD3A2300054008 /* Products */;
			projectDirPath = "";
			projectRoot = "";
			targets = (
				33FABFB81BAD3A2300054008 /* Russian Roulette */,
				33FABFCC1BAD3A2400054008 /* Russian RouletteTests */,
				33FABFD71BAD3A2400054008 /* Russian RouletteUITests */,
			);
		};
/* End PBXProject section */

/* Begin PBXResourcesBuildPhase section */
		33FABFB71BAD3A2300054008 /* Resources */ = {
			isa = PBXResourcesBuildPhase;
			buildActionMask = 2147483647;
			files = (
				33FABFC71BAD3A2300054008 /* LaunchScreen.storyboard in Resources */,
				33FABFC41BAD3A2300054008 /* Assets.xcassets in Resources */,
				33FABFC21BAD3A2300054008 /* Main.storyboard in Resources */,
			);
			runOnlyForDeploymentPostprocessing = 0;
		};
		33FABFCB1BAD3A2400054008 /* Resources */ = {
			isa = PBXResourcesBuildPhase;
			buildActionMask = 2147483647;
			files = (
			);
			runOnlyForDeploymentPostprocessing = 0;
		};
		33FABFD61BAD3A2400054008 /* Resources */ = {
			isa = PBXResourcesBuildPhase;
			buildActionMask = 2147483647;
			files = (
			);
			runOnlyForDeploymentPostprocessing = 0;
		};
/* End PBXResourcesBuildPhase section */

/* Begin PBXSourcesBuildPhase section */
		33FABFB51BAD3A2300054008 /* Sources */ = {
			isa = PBXSourcesBuildPhase;
			buildActionMask = 2147483647;
			files = (
				33FABFBF1BAD3A2300054008 /* ViewController.swift in Sources */,
				33FABFBD1BAD3A2300054008 /* AppDelegate.swift in Sources */,
			);
			runOnlyForDeploymentPostprocessing = 0;
		};
		33FABFC91BAD3A2400054008 /* Sources */ = {
			isa = PBXSourcesBuildPhase;
			buildActionMask = 2147483647;
			files = (
				33FABFD21BAD3A2400054008 /* Russian_RouletteTests.swift in Sources */,
			);
			runOnlyForDeploymentPostprocessing = 0;
		};
		33FABFD41BAD3A2400054008 /* Sources */ = {
			isa = PBXSourcesBuildPhase;
			buildActionMask = 2147483647;
			files = (
				33FABFDD1BAD3A2400054008 /* Russian_RouletteUITests.swift in Sources */,
			);
			runOnlyForDeploymentPostprocessing = 0;
		};
/* End PBXSourcesBuildPhase section */

/* Begin PBXTargetDependency section */
		33FABFCF1BAD3A2400054008 /* PBXTargetDependency */ = {
			isa = PBXTargetDependency;
			target = 33FABFB81BAD3A2300054008 /* Russian Roulette */;
			targetProxy = 33FABFCE1BAD3A2400054008 /* PBXContainerItemProxy */;
		};
		33FABFDA1BAD3A2400054008 /* PBXTargetDependency */ = {
			isa = PBXTargetDependency;
			target = 33FABFB81BAD3A2300054008 /* Russian Roulette */;
			targetProxy = 33FABFD91BAD3A2400054008 /* PBXContainerItemProxy */;
		};
/* End PBXTargetDependency section */

/* Begin PBXVariantGroup section */
		33FABFC01BAD3A2300054008 /* Main.storyboard */ = {
			isa = PBXVariantGroup;
			children = (
				33FABFC11BAD3A2300054008 /* Base */,
			);
			name = Main.storyboard;
			sourceTree = "<group>";
		};
		33FABFC51BAD3A2300054008 /* LaunchScreen.storyboard */ = {
			isa = PBXVariantGroup;
			children = (
				33FABFC61BAD3A2300054008 /* Base */,
			);
			name = LaunchScreen.storyboard;
			sourceTree = "<group>";
		};
/* End PBXVariantGroup section */

/* Begin XCBuildConfiguration section */
		33FABFDF1BAD3A2400054008 /* Debug */ = {
			isa = XCBuildConfiguration;
			buildSettings = {
				ALWAYS_SEARCH_USER_PATHS = NO;
				CLANG_CXX_LANGUAGE_STANDARD = "gnu++0x";
				CLANG_CXX_LIBRARY = "libc++";
				CLANG_ENABLE_MODULES = YES;
				CLANG_ENABLE_OBJC_ARC = YES;
				CLANG_WARN_BOOL_CONVERSION = YES;
				CLANG_WARN_CONSTANT_CONVERSION = YES;
				CLANG_WARN_DIRECT_OBJC_ISA_USAGE = YES_ERROR;
				CLANG_WARN_EMPTY_BODY = YES;
				CLANG_WARN_ENUM_CONVERSION = YES;
				CLANG_WARN_INT_CONVERSION = YES;
				CLANG_WARN_OBJC_ROOT_CLASS = YES_ERROR;
				CLANG_WARN_UNREACHABLE_CODE = YES;
				CLANG_WARN__DUPLICATE_METHOD_MATCH = YES;
				"CODE_SIGN_IDENTITY[sdk=iphoneos*]" = "iPhone Developer";
				COPY_PHASE_STRIP = NO;
				DEBUG_INFORMATION_FORMAT = dwarf;
				ENABLE_STRICT_OBJC_MSGSEND = YES;
				ENABLE_TESTABILITY = YES;
				GCC_C_LANGUAGE_STANDARD = gnu99;
				GCC_DYNAMIC_NO_PIC = NO;
				GCC_NO_COMMON_BLOCKS = YES;
				GCC_OPTIMIZATION_LEVEL = 0;
				GCC_PREPROCESSOR_DEFINITIONS = (
					"DEBUG=1",
					"$(inherited)",
				);
				GCC_WARN_64_TO_32_BIT_CONVERSION = YES;
				GCC_WARN_ABOUT_RETURN_TYPE = YES_ERROR;
				GCC_WARN_UNDECLARED_SELECTOR = YES;
				GCC_WARN_UNINITIALIZED_AUTOS = YES_AGGRESSIVE;
				GCC_WARN_UNUSED_FUNCTION = YES;
				GCC_WARN_UNUSED_VARIABLE = YES;
				IPHONEOS_DEPLOYMENT_TARGET = 9.0;
				MTL_ENABLE_DEBUG_INFO = YES;
				ONLY_ACTIVE_ARCH = YES;
				SDKROOT = iphoneos;
				SWIFT_OPTIMIZATION_LEVEL = "-Onone";
			};
			name = Debug;
		};
		33FABFE01BAD3A2400054008 /* Release */ = {
			isa = XCBuildConfiguration;
			buildSettings = {
				ALWAYS_SEARCH_USER_PATHS = NO;
				CLANG_CXX_LANGUAGE_STANDARD = "gnu++0x";
				CLANG_CXX_LIBRARY = "libc++";
				CLANG_ENABLE_MODULES = YES;
				CLANG_ENABLE_OBJC_ARC = YES;
				CLANG_WARN_BOOL_CONVERSION = YES;
				CLANG_WARN_CONSTANT_CONVERSION = YES;
				CLANG_WARN_DIRECT_OBJC_ISA_USAGE = YES_ERROR;
				CLANG_WARN_EMPTY_BODY = YES;
				CLANG_WARN_ENUM_CONVERSION = YES;
				CLANG_WARN_INT_CONVERSION = YES;
				CLANG_WARN_OBJC_ROOT_CLASS = YES_ERROR;
				CLANG_WARN_UNREACHABLE_CODE = YES;
				CLANG_WARN__DUPLICATE_METHOD_MATCH = YES;
				"CODE_SIGN_IDENTITY[sdk=iphoneos*]" = "iPhone Developer";
				COPY_PHASE_STRIP = NO;
				DEBUG_INFORMATION_FORMAT = "dwarf-with-dsym";
				ENABLE_NS_ASSERTIONS = NO;
				ENABLE_STRICT_OBJC_MSGSEND = YES;
				GCC_C_LANGUAGE_STANDARD = gnu99;
				GCC_NO_COMMON_BLOCKS = YES;
				GCC_WARN_64_TO_32_BIT_CONVERSION = YES;
				GCC_WARN_ABOUT_RETURN_TYPE = YES_ERROR;
				GCC_WARN_UNDECLARED_SELECTOR = YES;
				GCC_WARN_UNINITIALIZED_AUTOS = YES_AGGRESSIVE;
				GCC_WARN_UNUSED_FUNCTION = YES;
				GCC_WARN_UNUSED_VARIABLE = YES;
				IPHONEOS_DEPLOYMENT_TARGET = 9.0;
				MTL_ENABLE_DEBUG_INFO = NO;
				SDKROOT = iphoneos;
				VALIDATE_PRODUCT = YES;
			};
			name = Release;
		};
		33FABFE21BAD3A2400054008 /* Debug */ = {
			isa = XCBuildConfiguration;
			buildSettings = {
				ASSETCATALOG_COMPILER_APPICON_NAME = AppIcon;
				INFOPLIST_FILE = "Russian Roulette/Info.plist";
				LD_RUNPATH_SEARCH_PATHS = "$(inherited) @executable_path/Frameworks";
				PRODUCT_BUNDLE_IDENTIFIER = "net.null.sarcrates.Russian-Roulette";
				PRODUCT_NAME = "$(TARGET_NAME)";
			};
			name = Debug;
		};
		33FABFE31BAD3A2400054008 /* Release */ = {
			isa = XCBuildConfiguration;
			buildSettings = {
				ASSETCATALOG_COMPILER_APPICON_NAME = AppIcon;
				INFOPLIST_FILE = "Russian Roulette/Info.plist";
				LD_RUNPATH_SEARCH_PATHS = "$(inherited) @executable_path/Frameworks";
				PRODUCT_BUNDLE_IDENTIFIER = "net.null.sarcrates.Russian-Roulette";
				PRODUCT_NAME = "$(TARGET_NAME)";
			};
			name = Release;
		};
		33FABFE51BAD3A2400054008 /* Debug */ = {
			isa = XCBuildConfiguration;
			buildSettings = {
				BUNDLE_LOADER = "$(TEST_HOST)";
				INFOPLIST_FILE = "Russian RouletteTests/Info.plist";
				LD_RUNPATH_SEARCH_PATHS = "$(inherited) @executable_path/Frameworks @loader_path/Frameworks";
				PRODUCT_BUNDLE_IDENTIFIER = "net.null.sarcrates.Russian-RouletteTests";
				PRODUCT_NAME = "$(TARGET_NAME)";
				TEST_HOST = "$(BUILT_PRODUCTS_DIR)/Russian Roulette.app/Russian Roulette";
			};
			name = Debug;
		};
		33FABFE61BAD3A2400054008 /* Release */ = {
			isa = XCBuildConfiguration;
			buildSettings = {
				BUNDLE_LOADER = "$(TEST_HOST)";
				INFOPLIST_FILE = "Russian RouletteTests/Info.plist";
				LD_RUNPATH_SEARCH_PATHS = "$(inherited) @executable_path/Frameworks @loader_path/Frameworks";
				PRODUCT_BUNDLE_IDENTIFIER = "net.null.sarcrates.Russian-RouletteTests";
				PRODUCT_NAME = "$(TARGET_NAME)";
				TEST_HOST = "$(BUILT_PRODUCTS_DIR)/Russian Roulette.app/Russian Roulette";
			};
			name = Release;
		};
		33FABFE81BAD3A2400054008 /* Debug */ = {
			isa = XCBuildConfiguration;
			buildSettings = {
				INFOPLIST_FILE = "Russian RouletteUITests/Info.plist";
				LD_RUNPATH_SEARCH_PATHS = "$(inherited) @executable_path/Frameworks @loader_path/Frameworks";
				PRODUCT_BUNDLE_IDENTIFIER = "net.null.sarcrates.Russian-RouletteUITests";
				PRODUCT_NAME = "$(TARGET_NAME)";
				TEST_TARGET_NAME = "Russian Roulette";
				USES_XCTRUNNER = YES;
			};
			name = Debug;
		};
		33FABFE91BAD3A2400054008 /* Release */ = {
			isa = XCBuildConfiguration;
			buildSettings = {
				INFOPLIST_FILE = "Russian RouletteUITests/Info.plist";
				LD_RUNPATH_SEARCH_PATHS = "$(inherited) @executable_path/Frameworks @loader_path/Frameworks";
				PRODUCT_BUNDLE_IDENTIFIER = "net.null.sarcrates.Russian-RouletteUITests";
				PRODUCT_NAME = "$(TARGET_NAME)";
				TEST_TARGET_NAME = "Russian Roulette";
				USES_XCTRUNNER = YES;
			};
			name = Release;
		};
/* End XCBuildConfiguration section */

/* Begin XCConfigurationList section */
		33FABFB41BAD3A2300054008 /* Build configuration list for PBXProject "Russian Roulette" */ = {
			isa = XCConfigurationList;
			buildConfigurations = (
				33FABFDF1BAD3A2400054008 /* Debug */,
				33FABFE01BAD3A2400054008 /* Release */,
			);
			defaultConfigurationIsVisible = 0;
			defaultConfigurationName = Release;
		};
		33FABFE11BAD3A2400054008 /* Build configuration list for PBXNativeTarget "Russian Roulette" */ = {
			isa = XCConfigurationList;
			buildConfigurations = (
				33FABFE21BAD3A2400054008 /* Debug */,
				33FABFE31BAD3A2400054008 /* Release */,
			);
			defaultConfigurationIsVisible = 0;
		};
		33FABFE41BAD3A2400054008 /* Build configuration list for PBXNativeTarget "Russian RouletteTests" */ = {
			isa = XCConfigurationList;
			buildConfigurations = (
				33FABFE51BAD3A2400054008 /* Debug */,
				33FABFE61BAD3A2400054008 /* Release */,
			);
			defaultConfigurationIsVisible = 0;
		};
		33FABFE71BAD3A2400054008 /* Build configuration list for PBXNativeTarget "Russian RouletteUITests" */ = {
			isa = XCConfigurationList;
			buildConfigurations = (
				33FABFE81BAD3A2400054008 /* Debug */,
				33FABFE91BAD3A2400054008 /* Release */,
			);
			defaultConfigurationIsVisible = 0;
		};
/* End XCConfigurationList section */
	};
	rootObject = 33FABFB11BAD3A2300054008 /* Project object */;
}
